github.com/CaiJimmy/hugo-theme-stack/v3 v3.9.1 h1:gqqXB3ryglkP+tkJ4ROKG7KrOwMGK6nMMOnu93UiGo4=
github.com/CaiJimmy/hugo-theme-stack/v3 v3.9.1/go.mod h1:IPmCXiIxlFSLFYS0tOmYP6ySLviyeNVSabyvSuaxD+I=
github.com/CaiJimmy/hugo-theme-stack/v3 v3.9.2 h1:HfqtlWotU1fkLyUVQWSm5aZawTugHnKK6S4rdz6vXqg=
github.com/CaiJimmy/hugo-theme-stack/v3 v3.9.2/go.mod h1:IPmCXiIxlFSLFYS0tOmYP6ySLviyeNVSabyvSuaxD+I=
